[root]
name = "sniff"
version = "0.1.0"
dependencies = [
 "ipnetwork 0.12.7 (registry+https://github.com/rust-lang/crates.io-index)",
 "pnet_datalink 0.20.0 (registry+https://github.com/rust-lang/crates.io-index)",
]

[[package]]
name = "ipnetwork"
version = "0.12.7"
source = "registry+https://github.com/rust-lang/crates.io-index"

[[package]]
name = "libc"
version = "0.2.33"
source = "registry+https://github.com/rust-lang/crates.io-index"

[[package]]
name = "pnet_base"
version = "0.20.0"
source = "registry+https://github.com/rust-lang/crates.io-index"

[[package]]
name = "pnet_datalink"
version = "0.20.0"
source = "registry+https://github.com/rust-lang/crates.io-index"
dependencies = [
 "ipnetwork 0.12.7 (registry+https://github.com/rust-lang/crates.io-index)",
 "libc 0.2.33 (registry+https://github.com/rust-lang/crates.io-index)",
 "pnet_base 0.20.0 (registry+https://github.com/rust-lang/crates.io-index)",
 "pnet_sys 0.20.0 (registry+https://github.com/rust-lang/crates.io-index)",
 "winapi 0.2.8 (registry+https://github.com/rust-lang/crates.io-index)",
]

[[package]]
name = "pnet_sys"
version = "0.20.0"
source = "registry+https://github.com/rust-lang/crates.io-index"
dependencies = [
 "libc 0.2.33 (registry+https://github.com/rust-lang/crates.io-index)",
 "winapi 0.2.8 (registry+https://github.com/rust-lang/crates.io-index)",
 "ws2_32-sys 0.2.1 (registry+https://github.com/rust-lang/crates.io-index)",
]

[[package]]
name = "winapi"
version = "0.2.8"
source = "registry+https://github.com/rust-lang/crates.io-index"

[[package]]
name = "winapi-build"
version = "0.1.1"
source = "registry+https://github.com/rust-lang/crates.io-index"

[[package]]
name = "ws2_32-sys"
version = "0.2.1"
source = "registry+https://github.com/rust-lang/crates.io-index"
dependencies = [
 "winapi 0.2.8 (registry+https://github.com/rust-lang/crates.io-index)",
 "winapi-build 0.1.1 (registry+https://github.com/rust-lang/crates.io-index)",
]

[metadata]
"checksum ipnetwork 0.12.7 (registry+https://github.com/rust-lang/crates.io-index)" = "2134e210e2a024b5684f90e1556d5f71a1ce7f8b12e9ac9924c67fb36f63b336"
"checksum libc 0.2.33 (registry+https://github.com/rust-lang/crates.io-index)" = "5ba3df4dcb460b9dfbd070d41c94c19209620c191b0340b929ce748a2bcd42d2"
"checksum pnet_base 0.20.0 (registry+https://github.com/rust-lang/crates.io-index)" = "1ef91690b568c732663a6b4ccaf6e14fb62b985c9edee933c32c42d55f05a7b5"
"checksum pnet_datalink 0.20.0 (registry+https://github.com/rust-lang/crates.io-index)" = "bf82511ad5ea82f6d632a624edf7c60592271a1f76ecaeb7a7f2ae55f6e0c38a"
"checksum pnet_sys 0.20.0 (registry+https://github.com/rust-lang/crates.io-index)" = "3b834fac796acd6a4c66010d7fa14aa34d8a69d780e28aa754a24661d3738df3"
"checksum winapi 0.2.8 (registry+https://github.com/rust-lang/crates.io-index)" = "167dc9d6949a9b857f3451275e911c3f44255842c1f7a76f33c55103a909087a"
"checksum winapi-build 0.1.1 (registry+https://github.com/rust-lang/crates.io-index)" = "2d315eee3b34aca4797b2da6b13ed88266e6d612562a0c46390af8299fc699bc"
"checksum ws2_32-sys 0.2.1 (registry+https://github.com/rust-lang/crates.io-index)" = "d59cefebd0c892fa2dd6de581e937301d8552cb44489cdff035c6187cb63fa5e"
